
Microsoft Visual Studio Solution File, Format Version 12.00
# Visual Studio Version 17
VisualStudioVersion = 17.8.34316.72
MinimumVisualStudioVersion = 10.0.40219.1
Project("{9A19103F-16F7-4668-BE54-9A1E7A4F7556}") = "FornecedorProdutoAbstrato", "FornecedorProdutoAbstrato\FornecedorProdutoAbstrato.csproj", "{D50B5496-1EC2-4746-9A47-DB49310167DF}"
EndProject
Global
	GlobalSection(SolutionConfigurationPlatforms) = preSolution
		Debug|Any CPU = Debug|Any CPU
		Release|Any CPU = Release|Any CPU
	EndGlobalSection
	GlobalSection(ProjectConfigurationPlatforms) = postSolution
		{D50B5496-1EC2-4746-9A47-DB49310167DF}.Debug|Any CPU.ActiveCfg = Debug|Any CPU
		{D50B5496-1EC2-4746-9A47-DB49310167DF}.Debug|Any CPU.Build.0 = Debug|Any CPU
		{D50B5496-1EC2-4746-9A47-DB49310167DF}.Release|Any CPU.ActiveCfg = Release|Any CPU
		{D50B5496-1EC2-4746-9A47-DB49310167DF}.Release|Any CPU.Build.0 = Release|Any CPU
	EndGlobalSection
	GlobalSection(SolutionProperties) = preSolution
		HideSolutionNode = FALSE
	EndGlobalSection
	GlobalSection(ExtensibilityGlobals) = postSolution
		SolutionGuid = {44F5BBC8-2BDF-46C7-8D97-17A09F7EF4D8}
	EndGlobalSection
EndGlobal
