
Microsoft Visual Studio Solution File, Format Version 12.00
# Visual Studio Version 17
VisualStudioVersion = 17.8.34316.72
MinimumVisualStudioVersion = 10.0.40219.1
Project("{FAE04EC0-301F-11D3-BF4B-00C04F79EFBC}") = "Primeira_Atividade", "Primeira_Atividade\Primeira_Atividade.csproj", "{67815819-AE81-493F-9A8D-F8F98B1C3ABC}"
EndProject
Global
	GlobalSection(SolutionConfigurationPlatforms) = preSolution
		Debug|Any CPU = Debug|Any CPU
		Release|Any CPU = Release|Any CPU
	EndGlobalSection
	GlobalSection(ProjectConfigurationPlatforms) = postSolution
		{67815819-AE81-493F-9A8D-F8F98B1C3ABC}.Debug|Any CPU.ActiveCfg = Debug|Any CPU
		{67815819-AE81-493F-9A8D-F8F98B1C3ABC}.Debug|Any CPU.Build.0 = Debug|Any CPU
		{67815819-AE81-493F-9A8D-F8F98B1C3ABC}.Release|Any CPU.ActiveCfg = Release|Any CPU
		{67815819-AE81-493F-9A8D-F8F98B1C3ABC}.Release|Any CPU.Build.0 = Release|Any CPU
	EndGlobalSection
	GlobalSection(SolutionProperties) = preSolution
		HideSolutionNode = FALSE
	EndGlobalSection
	GlobalSection(ExtensibilityGlobals) = postSolution
		SolutionGuid = {EAFAB8CA-076F-4E6A-AE91-DEE9C450F5AD}
	EndGlobalSection
EndGlobal
