
Microsoft Visual Studio Solution File, Format Version 12.00
# Visual Studio Version 17
VisualStudioVersion = 17.8.34316.72
MinimumVisualStudioVersion = 10.0.40219.1
Project("{FAE04EC0-301F-11D3-BF4B-00C04F79EFBC}") = "Aula_Introdutoria", "Aula_Introdutoria\Aula_Introdutoria.csproj", "{EE8304D8-9158-4835-936C-B55C1732D037}"
EndProject
Global
	GlobalSection(SolutionConfigurationPlatforms) = preSolution
		Debug|Any CPU = Debug|Any CPU
		Release|Any CPU = Release|Any CPU
	EndGlobalSection
	GlobalSection(ProjectConfigurationPlatforms) = postSolution
		{EE8304D8-9158-4835-936C-B55C1732D037}.Debug|Any CPU.ActiveCfg = Debug|Any CPU
		{EE8304D8-9158-4835-936C-B55C1732D037}.Debug|Any CPU.Build.0 = Debug|Any CPU
		{EE8304D8-9158-4835-936C-B55C1732D037}.Release|Any CPU.ActiveCfg = Release|Any CPU
		{EE8304D8-9158-4835-936C-B55C1732D037}.Release|Any CPU.Build.0 = Release|Any CPU
	EndGlobalSection
	GlobalSection(SolutionProperties) = preSolution
		HideSolutionNode = FALSE
	EndGlobalSection
	GlobalSection(ExtensibilityGlobals) = postSolution
		SolutionGuid = {29D613B4-4430-4A73-8B4F-93818DE2CA82}
	EndGlobalSection
EndGlobal
