
Microsoft Visual Studio Solution File, Format Version 12.00
# Visual Studio Version 17
VisualStudioVersion = 17.8.34316.72
MinimumVisualStudioVersion = 10.0.40219.1
Project("{FAE04EC0-301F-11D3-BF4B-00C04F79EFBC}") = "classe aula", "classe aula\classe aula.csproj", "{0B4EF689-0A0D-4EFF-9B1E-263D94EA3EC9}"
EndProject
Global
	GlobalSection(SolutionConfigurationPlatforms) = preSolution
		Debug|Any CPU = Debug|Any CPU
		Release|Any CPU = Release|Any CPU
	EndGlobalSection
	GlobalSection(ProjectConfigurationPlatforms) = postSolution
		{0B4EF689-0A0D-4EFF-9B1E-263D94EA3EC9}.Debug|Any CPU.ActiveCfg = Debug|Any CPU
		{0B4EF689-0A0D-4EFF-9B1E-263D94EA3EC9}.Debug|Any CPU.Build.0 = Debug|Any CPU
		{0B4EF689-0A0D-4EFF-9B1E-263D94EA3EC9}.Release|Any CPU.ActiveCfg = Release|Any CPU
		{0B4EF689-0A0D-4EFF-9B1E-263D94EA3EC9}.Release|Any CPU.Build.0 = Release|Any CPU
	EndGlobalSection
	GlobalSection(SolutionProperties) = preSolution
		HideSolutionNode = FALSE
	EndGlobalSection
	GlobalSection(ExtensibilityGlobals) = postSolution
		SolutionGuid = {FF70A62C-3509-494D-A256-4EC7178D3A28}
	EndGlobalSection
EndGlobal
