
Microsoft Visual Studio Solution File, Format Version 12.00
# Visual Studio Version 17
VisualStudioVersion = 17.8.34316.72
MinimumVisualStudioVersion = 10.0.40219.1
Project("{FAE04EC0-301F-11D3-BF4B-00C04F79EFBC}") = "mainEmpregado", "mainEmpregado\mainEmpregado.csproj", "{53E2CA1F-619B-4A4F-9B58-E4E02E1A0D7E}"
EndProject
Global
	GlobalSection(SolutionConfigurationPlatforms) = preSolution
		Debug|Any CPU = Debug|Any CPU
		Release|Any CPU = Release|Any CPU
	EndGlobalSection
	GlobalSection(ProjectConfigurationPlatforms) = postSolution
		{53E2CA1F-619B-4A4F-9B58-E4E02E1A0D7E}.Debug|Any CPU.ActiveCfg = Debug|Any CPU
		{53E2CA1F-619B-4A4F-9B58-E4E02E1A0D7E}.Debug|Any CPU.Build.0 = Debug|Any CPU
		{53E2CA1F-619B-4A4F-9B58-E4E02E1A0D7E}.Release|Any CPU.ActiveCfg = Release|Any CPU
		{53E2CA1F-619B-4A4F-9B58-E4E02E1A0D7E}.Release|Any CPU.Build.0 = Release|Any CPU
	EndGlobalSection
	GlobalSection(SolutionProperties) = preSolution
		HideSolutionNode = FALSE
	EndGlobalSection
	GlobalSection(ExtensibilityGlobals) = postSolution
		SolutionGuid = {1EFFC081-E9B8-4433-82CE-01D2E0CCD018}
	EndGlobalSection
EndGlobal
