
Microsoft Visual Studio Solution File, Format Version 12.00
# Visual Studio Version 17
VisualStudioVersion = 17.5.33424.131
MinimumVisualStudioVersion = 10.0.40219.1
Project("{FAE04EC0-301F-11D3-BF4B-00C04F79EFBC}") = "AppPalhaco", "AppPalhaco\AppPalhaco.csproj", "{8855DFA9-2903-4D78-8063-90CB0AC0076A}"
EndProject
Global
	GlobalSection(SolutionConfigurationPlatforms) = preSolution
		Debug|Any CPU = Debug|Any CPU
		Release|Any CPU = Release|Any CPU
	EndGlobalSection
	GlobalSection(ProjectConfigurationPlatforms) = postSolution
		{8855DFA9-2903-4D78-8063-90CB0AC0076A}.Debug|Any CPU.ActiveCfg = Debug|Any CPU
		{8855DFA9-2903-4D78-8063-90CB0AC0076A}.Debug|Any CPU.Build.0 = Debug|Any CPU
		{8855DFA9-2903-4D78-8063-90CB0AC0076A}.Release|Any CPU.ActiveCfg = Release|Any CPU
		{8855DFA9-2903-4D78-8063-90CB0AC0076A}.Release|Any CPU.Build.0 = Release|Any CPU
	EndGlobalSection
	GlobalSection(SolutionProperties) = preSolution
		HideSolutionNode = FALSE
	EndGlobalSection
	GlobalSection(ExtensibilityGlobals) = postSolution
		SolutionGuid = {11EB08CD-7504-4346-B404-8F9204E18FD0}
	EndGlobalSection
EndGlobal
