
Microsoft Visual Studio Solution File, Format Version 12.00
# Visual Studio Version 17
VisualStudioVersion = 17.8.34316.72
MinimumVisualStudioVersion = 10.0.40219.1
Project("{FAE04EC0-301F-11D3-BF4B-00C04F79EFBC}") = "q7Funcionario", "q7Funcionario\q7Funcionario.csproj", "{E9024495-8FE5-40C7-93D1-83674575B9DF}"
EndProject
Global
	GlobalSection(SolutionConfigurationPlatforms) = preSolution
		Debug|Any CPU = Debug|Any CPU
		Release|Any CPU = Release|Any CPU
	EndGlobalSection
	GlobalSection(ProjectConfigurationPlatforms) = postSolution
		{E9024495-8FE5-40C7-93D1-83674575B9DF}.Debug|Any CPU.ActiveCfg = Debug|Any CPU
		{E9024495-8FE5-40C7-93D1-83674575B9DF}.Debug|Any CPU.Build.0 = Debug|Any CPU
		{E9024495-8FE5-40C7-93D1-83674575B9DF}.Release|Any CPU.ActiveCfg = Release|Any CPU
		{E9024495-8FE5-40C7-93D1-83674575B9DF}.Release|Any CPU.Build.0 = Release|Any CPU
	EndGlobalSection
	GlobalSection(SolutionProperties) = preSolution
		HideSolutionNode = FALSE
	EndGlobalSection
	GlobalSection(ExtensibilityGlobals) = postSolution
		SolutionGuid = {030286D6-4016-4FB3-8CF0-E8E350D5AF7F}
	EndGlobalSection
EndGlobal
