
Microsoft Visual Studio Solution File, Format Version 12.00
# Visual Studio Version 17
VisualStudioVersion = 17.9.34616.47
MinimumVisualStudioVersion = 10.0.40219.1
Project("{FAE04EC0-301F-11D3-BF4B-00C04F79EFBC}") = "ClasseAnimais", "ClasseAnimais\ClasseAnimais.csproj", "{FA21FFDC-92B6-4B8D-BC89-97F6C492C5CF}"
EndProject
Global
	GlobalSection(SolutionConfigurationPlatforms) = preSolution
		Debug|Any CPU = Debug|Any CPU
		Release|Any CPU = Release|Any CPU
	EndGlobalSection
	GlobalSection(ProjectConfigurationPlatforms) = postSolution
		{FA21FFDC-92B6-4B8D-BC89-97F6C492C5CF}.Debug|Any CPU.ActiveCfg = Debug|Any CPU
		{FA21FFDC-92B6-4B8D-BC89-97F6C492C5CF}.Debug|Any CPU.Build.0 = Debug|Any CPU
		{FA21FFDC-92B6-4B8D-BC89-97F6C492C5CF}.Release|Any CPU.ActiveCfg = Release|Any CPU
		{FA21FFDC-92B6-4B8D-BC89-97F6C492C5CF}.Release|Any CPU.Build.0 = Release|Any CPU
	EndGlobalSection
	GlobalSection(SolutionProperties) = preSolution
		HideSolutionNode = FALSE
	EndGlobalSection
	GlobalSection(ExtensibilityGlobals) = postSolution
		SolutionGuid = {1673FE7B-31DC-4463-8C06-373BFEBE062E}
	EndGlobalSection
EndGlobal
