
Microsoft Visual Studio Solution File, Format Version 12.00
# Visual Studio Version 17
VisualStudioVersion = 17.8.34316.72
MinimumVisualStudioVersion = 10.0.40219.1
Project("{FAE04EC0-301F-11D3-BF4B-00C04F79EFBC}") = "FormFigura", "FormFigura\FormFigura.csproj", "{EE8C6A34-326F-4848-97A9-D0DE79DDBAAE}"
EndProject
Global
	GlobalSection(SolutionConfigurationPlatforms) = preSolution
		Debug|Any CPU = Debug|Any CPU
		Release|Any CPU = Release|Any CPU
	EndGlobalSection
	GlobalSection(ProjectConfigurationPlatforms) = postSolution
		{EE8C6A34-326F-4848-97A9-D0DE79DDBAAE}.Debug|Any CPU.ActiveCfg = Debug|Any CPU
		{EE8C6A34-326F-4848-97A9-D0DE79DDBAAE}.Debug|Any CPU.Build.0 = Debug|Any CPU
		{EE8C6A34-326F-4848-97A9-D0DE79DDBAAE}.Release|Any CPU.ActiveCfg = Release|Any CPU
		{EE8C6A34-326F-4848-97A9-D0DE79DDBAAE}.Release|Any CPU.Build.0 = Release|Any CPU
	EndGlobalSection
	GlobalSection(SolutionProperties) = preSolution
		HideSolutionNode = FALSE
	EndGlobalSection
	GlobalSection(ExtensibilityGlobals) = postSolution
		SolutionGuid = {41AF2E47-8A2E-45DA-9265-FCEC2B5BE769}
	EndGlobalSection
EndGlobal
