
Microsoft Visual Studio Solution File, Format Version 12.00
# Visual Studio Version 17
VisualStudioVersion = 17.8.34316.72
MinimumVisualStudioVersion = 10.0.40219.1
Project("{FAE04EC0-301F-11D3-BF4B-00C04F79EFBC}") = "Aula2", "Aula2\Aula2.csproj", "{027C55C3-413B-4DB7-AE85-E4F5468CCC50}"
EndProject
Global
	GlobalSection(SolutionConfigurationPlatforms) = preSolution
		Debug|Any CPU = Debug|Any CPU
		Release|Any CPU = Release|Any CPU
	EndGlobalSection
	GlobalSection(ProjectConfigurationPlatforms) = postSolution
		{027C55C3-413B-4DB7-AE85-E4F5468CCC50}.Debug|Any CPU.ActiveCfg = Debug|Any CPU
		{027C55C3-413B-4DB7-AE85-E4F5468CCC50}.Debug|Any CPU.Build.0 = Debug|Any CPU
		{027C55C3-413B-4DB7-AE85-E4F5468CCC50}.Release|Any CPU.ActiveCfg = Release|Any CPU
		{027C55C3-413B-4DB7-AE85-E4F5468CCC50}.Release|Any CPU.Build.0 = Release|Any CPU
	EndGlobalSection
	GlobalSection(SolutionProperties) = preSolution
		HideSolutionNode = FALSE
	EndGlobalSection
	GlobalSection(ExtensibilityGlobals) = postSolution
		SolutionGuid = {61D37CF4-9D43-4A71-858C-1DE447C445DC}
	EndGlobalSection
EndGlobal
